
Microsoft Visual Studio Solution File, Format Version 12.00
# Visual Studio Version 17
VisualStudioVersion = 17.6.33829.357
MinimumVisualStudioVersion = 10.0.40219.1
Project("{FAE04EC0-301F-11D3-BF4B-00C04F79EFBC}") = "ClinicSystemWebAPI", "ClinicSystemWebAPI\ClinicSystemWebAPI.csproj", "{FAE811F9-490E-4C63-8D7A-530657111BDC}"
EndProject
Global
	GlobalSection(SolutionConfigurationPlatforms) = preSolution
		Debug|Any CPU = Debug|Any CPU
		Release|Any CPU = Release|Any CPU
	EndGlobalSection
	GlobalSection(ProjectConfigurationPlatforms) = postSolution
		{FAE811F9-490E-4C63-8D7A-530657111BDC}.Debug|Any CPU.ActiveCfg = Debug|Any CPU
		{FAE811F9-490E-4C63-8D7A-530657111BDC}.Debug|Any CPU.Build.0 = Debug|Any CPU
		{FAE811F9-490E-4C63-8D7A-530657111BDC}.Release|Any CPU.ActiveCfg = Release|Any CPU
		{FAE811F9-490E-4C63-8D7A-530657111BDC}.Release|Any CPU.Build.0 = Release|Any CPU
	EndGlobalSection
	GlobalSection(SolutionProperties) = preSolution
		HideSolutionNode = FALSE
	EndGlobalSection
	GlobalSection(ExtensibilityGlobals) = postSolution
		SolutionGuid = {310E06A3-70C4-40B1-9B51-67508D804859}
	EndGlobalSection
EndGlobal
